
Microsoft Visual Studio Solution File, Format Version 12.00
# Visual Studio Version 17
VisualStudioVersion = 17.0.32014.148
MinimumVisualStudioVersion = 10.0.40219.1
Project("{FAE04EC0-301F-11D3-BF4B-00C04F79EFBC}") = "WebApplicationUsingExceptions", "WebApplicationUsingExceptions.csproj", "{3493F1AC-CDF6-4D80-BCB0-3FB15E1195BD}"
EndProject
Global
	GlobalSection(SolutionConfigurationPlatforms) = preSolution
		Debug|Any CPU = Debug|Any CPU
		Release|Any CPU = Release|Any CPU
	EndGlobalSection
	GlobalSection(ProjectConfigurationPlatforms) = postSolution
		{3493F1AC-CDF6-4D80-BCB0-3FB15E1195BD}.Debug|Any CPU.ActiveCfg = Debug|Any CPU
		{3493F1AC-CDF6-4D80-BCB0-3FB15E1195BD}.Debug|Any CPU.Build.0 = Debug|Any CPU
		{3493F1AC-CDF6-4D80-BCB0-3FB15E1195BD}.Release|Any CPU.ActiveCfg = Release|Any CPU
		{3493F1AC-CDF6-4D80-BCB0-3FB15E1195BD}.Release|Any CPU.Build.0 = Release|Any CPU
	EndGlobalSection
	GlobalSection(SolutionProperties) = preSolution
		HideSolutionNode = FALSE
	EndGlobalSection
	GlobalSection(ExtensibilityGlobals) = postSolution
		SolutionGuid = {D3CD9500-80F8-4FD1-921B-EC5A9E9CBAD2}
	EndGlobalSection
EndGlobal
